
Microsoft Visual Studio Solution File, Format Version 12.00
# Visual Studio Version 16
VisualStudioVersion = 16.0.31025.194
MinimumVisualStudioVersion = 10.0.40219.1
Project("{FAE04EC0-301F-11D3-BF4B-00C04F79EFBC}") = "Routing", "Routing\Routing.csproj", "{289E25C7-30F1-47A9-B9A2-5AE703C27349}"
EndProject
Global
	GlobalSection(SolutionConfigurationPlatforms) = preSolution
		Debug|Any CPU = Debug|Any CPU
		Release|Any CPU = Release|Any CPU
	EndGlobalSection
	GlobalSection(ProjectConfigurationPlatforms) = postSolution
		{289E25C7-30F1-47A9-B9A2-5AE703C27349}.Debug|Any CPU.ActiveCfg = Debug|Any CPU
		{289E25C7-30F1-47A9-B9A2-5AE703C27349}.Debug|Any CPU.Build.0 = Debug|Any CPU
		{289E25C7-30F1-47A9-B9A2-5AE703C27349}.Release|Any CPU.ActiveCfg = Release|Any CPU
		{289E25C7-30F1-47A9-B9A2-5AE703C27349}.Release|Any CPU.Build.0 = Release|Any CPU
	EndGlobalSection
	GlobalSection(SolutionProperties) = preSolution
		HideSolutionNode = FALSE
	EndGlobalSection
	GlobalSection(ExtensibilityGlobals) = postSolution
		SolutionGuid = {D2AF1E18-DE0D-4637-9F71-83F5935ADAF9}
	EndGlobalSection
EndGlobal
